
Microsoft Visual Studio Solution File, Format Version 12.00
# Visual Studio Version 16
VisualStudioVersion = 16.0.33328.57
MinimumVisualStudioVersion = 10.0.40219.1
Project("{FAE04EC0-301F-11D3-BF4B-00C04F79EFBC}") = "Educative_NetFlix", "Educative_NetFlix\Educative_NetFlix.csproj", "{9E86C80C-A664-41B4-81EB-7547F601F29D}"
EndProject
Global
	GlobalSection(SolutionConfigurationPlatforms) = preSolution
		Debug|Any CPU = Debug|Any CPU
		Release|Any CPU = Release|Any CPU
	EndGlobalSection
	GlobalSection(ProjectConfigurationPlatforms) = postSolution
		{9E86C80C-A664-41B4-81EB-7547F601F29D}.Debug|Any CPU.ActiveCfg = Debug|Any CPU
		{9E86C80C-A664-41B4-81EB-7547F601F29D}.Debug|Any CPU.Build.0 = Debug|Any CPU
		{9E86C80C-A664-41B4-81EB-7547F601F29D}.Release|Any CPU.ActiveCfg = Release|Any CPU
		{9E86C80C-A664-41B4-81EB-7547F601F29D}.Release|Any CPU.Build.0 = Release|Any CPU
	EndGlobalSection
	GlobalSection(SolutionProperties) = preSolution
		HideSolutionNode = FALSE
	EndGlobalSection
	GlobalSection(ExtensibilityGlobals) = postSolution
		SolutionGuid = {A6C36ADA-5F38-4649-9842-4EC6920A72F4}
	EndGlobalSection
EndGlobal
